
Microsoft Visual Studio Solution File, Format Version 12.00
# Visual Studio Version 16
VisualStudioVersion = 16.0.31313.79
MinimumVisualStudioVersion = 10.0.40219.1
Project("{FAE04EC0-301F-11D3-BF4B-00C04F79EFBC}") = "NetGsm", "NetGsm\NetGsm.csproj", "{4C0AFA90-E813-4BA9-83BA-8FCEE2F24E2E}"
EndProject
Project("{FAE04EC0-301F-11D3-BF4B-00C04F79EFBC}") = "SmsCheckerWeb", "SmsCheckerWeb\SmsCheckerWeb.csproj", "{7C457834-DE6B-4E21-AABF-FA1B50F8C218}"
EndProject
Global
	GlobalSection(SolutionConfigurationPlatforms) = preSolution
		Debug|Any CPU = Debug|Any CPU
		Release|Any CPU = Release|Any CPU
	EndGlobalSection
	GlobalSection(ProjectConfigurationPlatforms) = postSolution
		{4C0AFA90-E813-4BA9-83BA-8FCEE2F24E2E}.Debug|Any CPU.ActiveCfg = Debug|Any CPU
		{4C0AFA90-E813-4BA9-83BA-8FCEE2F24E2E}.Debug|Any CPU.Build.0 = Debug|Any CPU
		{4C0AFA90-E813-4BA9-83BA-8FCEE2F24E2E}.Release|Any CPU.ActiveCfg = Release|Any CPU
		{4C0AFA90-E813-4BA9-83BA-8FCEE2F24E2E}.Release|Any CPU.Build.0 = Release|Any CPU
		{7C457834-DE6B-4E21-AABF-FA1B50F8C218}.Debug|Any CPU.ActiveCfg = Debug|Any CPU
		{7C457834-DE6B-4E21-AABF-FA1B50F8C218}.Debug|Any CPU.Build.0 = Debug|Any CPU
		{7C457834-DE6B-4E21-AABF-FA1B50F8C218}.Release|Any CPU.ActiveCfg = Release|Any CPU
		{7C457834-DE6B-4E21-AABF-FA1B50F8C218}.Release|Any CPU.Build.0 = Release|Any CPU
	EndGlobalSection
	GlobalSection(SolutionProperties) = preSolution
		HideSolutionNode = FALSE
	EndGlobalSection
	GlobalSection(ExtensibilityGlobals) = postSolution
		SolutionGuid = {B91F1A10-2349-428D-AFA9-479E939A4A15}
	EndGlobalSection
EndGlobal
